// !$*UTF8*$!
{
	archiveVersion = 1;
	classes = {
	};
	objectVersion = 50;
	objects = {

/* Begin PBXBuildFile section */
		23392DC42257C5C20073DA0A /* AppDelegate.swift in Sources */ = {isa = PBXBuildFile; fileRef = 23392DC32257C5C20073DA0A /* AppDelegate.swift */; };
		23392DC92257C5C20073DA0A /* Main.storyboard in Resources */ = {isa = PBXBuildFile; fileRef = 23392DC72257C5C20073DA0A /* Main.storyboard */; };
		23392DCC2257C5C20073DA0A /* Colors_With_Navigation.xcdatamodeld in Sources */ = {isa = PBXBuildFile; fileRef = 23392DCA2257C5C20073DA0A /* Colors_With_Navigation.xcdatamodeld */; };
		23392DCE2257C5C30073DA0A /* Assets.xcassets in Resources */ = {isa = PBXBuildFile; fileRef = 23392DCD2257C5C30073DA0A /* Assets.xcassets */; };
		23392DD12257C5C30073DA0A /* LaunchScreen.storyboard in Resources */ = {isa = PBXBuildFile; fileRef = 23392DCF2257C5C30073DA0A /* LaunchScreen.storyboard */; };
		23392DDC2257C5C40073DA0A /* Colors_With_NavigationTests.swift in Sources */ = {isa = PBXBuildFile; fileRef = 23392DDB2257C5C40073DA0A /* Colors_With_NavigationTests.swift */; };
		23392DE72257C5C40073DA0A /* Colors_With_NavigationUITests.swift in Sources */ = {isa = PBXBuildFile; fileRef = 23392DE62257C5C40073DA0A /* Colors_With_NavigationUITests.swift */; };
		23392DF52257C6440073DA0A /* ColorNavViewController.swift in Sources */ = {isa = PBXBuildFile; fileRef = 23392DF42257C6440073DA0A /* ColorNavViewController.swift */; };
		23392DF72257C9110073DA0A /* color.swift in Sources */ = {isa = PBXBuildFile; fileRef = 23392DF62257C9110073DA0A /* color.swift */; };
		23392DF92257CB880073DA0A /* ColorDetailViewController.swift in Sources */ = {isa = PBXBuildFile; fileRef = 23392DF82257CB880073DA0A /* ColorDetailViewController.swift */; };
/* End PBXBuildFile section */

/* Begin PBXContainerItemProxy section */
		23392DD82257C5C40073DA0A /* PBXContainerItemProxy */ = {
			isa = PBXContainerItemProxy;
			containerPortal = 23392DB82257C5C20073DA0A /* Project object */;
			proxyType = 1;
			remoteGlobalIDString = 23392DBF2257C5C20073DA0A;
			remoteInfo = "Colors With Navigation";
		};
		23392DE32257C5C40073DA0A /* PBXContainerItemProxy */ = {
			isa = PBXContainerItemProxy;
			containerPortal = 23392DB82257C5C20073DA0A /* Project object */;
			proxyType = 1;
			remoteGlobalIDString = 23392DBF2257C5C20073DA0A;
			remoteInfo = "Colors With Navigation";
		};
/* End PBXContainerItemProxy section */

/* Begin PBXFileReference section */
		23392DC02257C5C20073DA0A /* Colors With Navigation.app */ = {isa = PBXFileReference; explicitFileType = wrapper.application; includeInIndex = 0; path = "Colors With Navigation.app"; sourceTree = BUILT_PRODUCTS_DIR; };
		23392DC32257C5C20073DA0A /* AppDelegate.swift */ = {isa = PBXFileReference; lastKnownFileType = sourcecode.swift; path = AppDelegate.swift; sourceTree = "<group>"; };
		23392DC82257C5C20073DA0A /* Base */ = {isa = PBXFileReference; lastKnownFileType = file.storyboard; name = Base; path = Base.lproj/Main.storyboard; sourceTree = "<group>"; };
		23392DCB2257C5C20073DA0A /* Colors_With_Navigation.xcdatamodel */ = {isa = PBXFileReference; lastKnownFileType = wrapper.xcdatamodel; path = Colors_With_Navigation.xcdatamodel; sourceTree = "<group>"; };
		23392DCD2257C5C30073DA0A /* Assets.xcassets */ = {isa = PBXFileReference; lastKnownFileType = folder.assetcatalog; path = Assets.xcassets; sourceTree = "<group>"; };
		23392DD02257C5C30073DA0A /* Base */ = {isa = PBXFileReference; lastKnownFileType = file.storyboard; name = Base; path = Base.lproj/LaunchScreen.storyboard; sourceTree = "<group>"; };
		23392DD22257C5C30073DA0A /* Info.plist */ = {isa = PBXFileReference; lastKnownFileType = text.plist.xml; path = Info.plist; sourceTree = "<group>"; };
		23392DD72257C5C40073DA0A /* Colors With NavigationTests.xctest */ = {isa = PBXFileReference; explicitFileType = wrapper.cfbundle; includeInIndex = 0; path = "Colors With NavigationTests.xctest"; sourceTree = BUILT_PRODUCTS_DIR; };
		23392DDB2257C5C40073DA0A /* Colors_With_NavigationTests.swift */ = {isa = PBXFileReference; lastKnownFileType = sourcecode.swift; path = Colors_With_NavigationTests.swift; sourceTree = "<group>"; };
		23392DDD2257C5C40073DA0A /* Info.plist */ = {isa = PBXFileReference; lastKnownFileType = text.plist.xml; path = Info.plist; sourceTree = "<group>"; };
		23392DE22257C5C40073DA0A /* Colors With NavigationUITests.xctest */ = {isa = PBXFileReference; explicitFileType = wrapper.cfbundle; includeInIndex = 0; path = "Colors With NavigationUITests.xctest"; sourceTree = BUILT_PRODUCTS_DIR; };
		23392DE62257C5C40073DA0A /* Colors_With_NavigationUITests.swift */ = {isa = PBXFileReference; lastKnownFileType = sourcecode.swift; path = Colors_With_NavigationUITests.swift; sourceTree = "<group>"; };
		23392DE82257C5C40073DA0A /* Info.plist */ = {isa = PBXFileReference; lastKnownFileType = text.plist.xml; path = Info.plist; sourceTree = "<group>"; };
		23392DF42257C6440073DA0A /* ColorNavViewController.swift */ = {isa = PBXFileReference; lastKnownFileType = sourcecode.swift; path = ColorNavViewController.swift; sourceTree = "<group>"; };
		23392DF62257C9110073DA0A /* color.swift */ = {isa = PBXFileReference; lastKnownFileType = sourcecode.swift; path = color.swift; sourceTree = "<group>"; };
		23392DF82257CB880073DA0A /* ColorDetailViewController.swift */ = {isa = PBXFileReference; lastKnownFileType = sourcecode.swift; path = ColorDetailViewController.swift; sourceTree = "<group>"; };
/* End PBXFileReference section */

/* Begin PBXFrameworksBuildPhase section */
		23392DBD2257C5C20073DA0A /* Frameworks */ = {
			isa = PBXFrameworksBuildPhase;
			buildActionMask = 2147483647;
			files = (
			);
			runOnlyForDeploymentPostprocessing = 0;
		};
		23392DD42257C5C40073DA0A /* Frameworks */ = {
			isa = PBXFrameworksBuildPhase;
			buildActionMask = 2147483647;
			files = (
			);
			runOnlyForDeploymentPostprocessing = 0;
		};
		23392DDF2257C5C40073DA0A /* Frameworks */ = {
			isa = PBXFrameworksBuildPhase;
			buildActionMask = 2147483647;
			files = (
			);
			runOnlyForDeploymentPostprocessing = 0;
		};
/* End PBXFrameworksBuildPhase section */

/* Begin PBXGroup section */
		23392DB72257C5C20073DA0A = {
			isa = PBXGroup;
			children = (
				23392DC22257C5C20073DA0A /* Colors With Navigation */,
				23392DDA2257C5C40073DA0A /* Colors With NavigationTests */,
				23392DE52257C5C40073DA0A /* Colors With NavigationUITests */,
				23392DC12257C5C20073DA0A /* Products */,
			);
			sourceTree = "<group>";
		};
		23392DC12257C5C20073DA0A /* Products */ = {
			isa = PBXGroup;
			children = (
				23392DC02257C5C20073DA0A /* Colors With Navigation.app */,
				23392DD72257C5C40073DA0A /* Colors With NavigationTests.xctest */,
				23392DE22257C5C40073DA0A /* Colors With NavigationUITests.xctest */,
			);
			name = Products;
			sourceTree = "<group>";
		};
		23392DC22257C5C20073DA0A /* Colors With Navigation */ = {
			isa = PBXGroup;
			children = (
				23392DC32257C5C20073DA0A /* AppDelegate.swift */,
				23392DC72257C5C20073DA0A /* Main.storyboard */,
				23392DCD2257C5C30073DA0A /* Assets.xcassets */,
				23392DCF2257C5C30073DA0A /* LaunchScreen.storyboard */,
				23392DD22257C5C30073DA0A /* Info.plist */,
				23392DCA2257C5C20073DA0A /* Colors_With_Navigation.xcdatamodeld */,
				23392DF42257C6440073DA0A /* ColorNavViewController.swift */,
				23392DF62257C9110073DA0A /* color.swift */,
				23392DF82257CB880073DA0A /* ColorDetailViewController.swift */,
			);
			path = "Colors With Navigation";
			sourceTree = "<group>";
		};
		23392DDA2257C5C40073DA0A /* Colors With NavigationTests */ = {
			isa = PBXGroup;
			children = (
				23392DDB2257C5C40073DA0A /* Colors_With_NavigationTests.swift */,
				23392DDD2257C5C40073DA0A /* Info.plist */,
			);
			path = "Colors With NavigationTests";
			sourceTree = "<group>";
		};
		23392DE52257C5C40073DA0A /* Colors With NavigationUITests */ = {
			isa = PBXGroup;
			children = (
				23392DE62257C5C40073DA0A /* Colors_With_NavigationUITests.swift */,
				23392DE82257C5C40073DA0A /* Info.plist */,
			);
			path = "Colors With NavigationUITests";
			sourceTree = "<group>";
		};
/* End PBXGroup section */

/* Begin PBXNativeTarget section */
		23392DBF2257C5C20073DA0A /* Colors With Navigation */ = {
			isa = PBXNativeTarget;
			buildConfigurationList = 23392DEB2257C5C40073DA0A /* Build configuration list for PBXNativeTarget "Colors With Navigation" */;
			buildPhases = (
				23392DBC2257C5C20073DA0A /* Sources */,
				23392DBD2257C5C20073DA0A /* Frameworks */,
				23392DBE2257C5C20073DA0A /* Resources */,
			);
			buildRules = (
			);
			dependencies = (
			);
			name = "Colors With Navigation";
			productName = "Colors With Navigation";
			productReference = 23392DC02257C5C20073DA0A /* Colors With Navigation.app */;
			productType = "com.apple.product-type.application";
		};
		23392DD62257C5C40073DA0A /* Colors With NavigationTests */ = {
			isa = PBXNativeTarget;
			buildConfigurationList = 23392DEE2257C5C40073DA0A /* Build configuration list for PBXNativeTarget "Colors With NavigationTests" */;
			buildPhases = (
				23392DD32257C5C40073DA0A /* Sources */,
				23392DD42257C5C40073DA0A /* Frameworks */,
				23392DD52257C5C40073DA0A /* Resources */,
			);
			buildRules = (
			);
			dependencies = (
				23392DD92257C5C40073DA0A /* PBXTargetDependency */,
			);
			name = "Colors With NavigationTests";
			productName = "Colors With NavigationTests";
			productReference = 23392DD72257C5C40073DA0A /* Colors With NavigationTests.xctest */;
			productType = "com.apple.product-type.bundle.unit-test";
		};
		23392DE12257C5C40073DA0A /* Colors With NavigationUITests */ = {
			isa = PBXNativeTarget;
			buildConfigurationList = 23392DF12257C5C40073DA0A /* Build configuration list for PBXNativeTarget "Colors With NavigationUITests" */;
			buildPhases = (
				23392DDE2257C5C40073DA0A /* Sources */,
				23392DDF2257C5C40073DA0A /* Frameworks */,
				23392DE02257C5C40073DA0A /* Resources */,
			);
			buildRules = (
			);
			dependencies = (
				23392DE42257C5C40073DA0A /* PBXTargetDependency */,
			);
			name = "Colors With NavigationUITests";
			productName = "Colors With NavigationUITests";
			productReference = 23392DE22257C5C40073DA0A /* Colors With NavigationUITests.xctest */;
			productType = "com.apple.product-type.bundle.ui-testing";
		};
/* End PBXNativeTarget section */

/* Begin PBXProject section */
		23392DB82257C5C20073DA0A /* Project object */ = {
			isa = PBXProject;
			attributes = {
				LastSwiftUpdateCheck = 1020;
				LastUpgradeCheck = 1020;
				ORGANIZATIONNAME = "Jonathan Yee";
				TargetAttributes = {
					23392DBF2257C5C20073DA0A = {
						CreatedOnToolsVersion = 10.2;
					};
					23392DD62257C5C40073DA0A = {
						CreatedOnToolsVersion = 10.2;
						TestTargetID = 23392DBF2257C5C20073DA0A;
					};
					23392DE12257C5C40073DA0A = {
						CreatedOnToolsVersion = 10.2;
						TestTargetID = 23392DBF2257C5C20073DA0A;
					};
				};
			};
			buildConfigurationList = 23392DBB2257C5C20073DA0A /* Build configuration list for PBXProject "Colors With Navigation" */;
			compatibilityVersion = "Xcode 9.3";
			developmentRegion = en;
			hasScannedForEncodings = 0;
			knownRegions = (
				en,
				Base,
			);
			mainGroup = 23392DB72257C5C20073DA0A;
			productRefGroup = 23392DC12257C5C20073DA0A /* Products */;
			projectDirPath = "";
			projectRoot = "";
			targets = (
				23392DBF2257C5C20073DA0A /* Colors With Navigation */,
				23392DD62257C5C40073DA0A /* Colors With NavigationTests */,
				23392DE12257C5C40073DA0A /* Colors With NavigationUITests */,
			);
		};
/* End PBXProject section */

/* Begin PBXResourcesBuildPhase section */
		23392DBE2257C5C20073DA0A /* Resources */ = {
			isa = PBXResourcesBuildPhase;
			buildActionMask = 2147483647;
			files = (
				23392DD12257C5C30073DA0A /* LaunchScreen.storyboard in Resources */,
				23392DCE2257C5C30073DA0A /* Assets.xcassets in Resources */,
				23392DC92257C5C20073DA0A /* Main.storyboard in Resources */,
			);
			runOnlyForDeploymentPostprocessing = 0;
		};
		23392DD52257C5C40073DA0A /* Resources */ = {
			isa = PBXResourcesBuildPhase;
			buildActionMask = 2147483647;
			files = (
			);
			runOnlyForDeploymentPostprocessing = 0;
		};
		23392DE02257C5C40073DA0A /* Resources */ = {
			isa = PBXResourcesBuildPhase;
			buildActionMask = 2147483647;
			files = (
			);
			runOnlyForDeploymentPostprocessing = 0;
		};
/* End PBXResourcesBuildPhase section */

/* Begin PBXSourcesBuildPhase section */
		23392DBC2257C5C20073DA0A /* Sources */ = {
			isa = PBXSourcesBuildPhase;
			buildActionMask = 2147483647;
			files = (
				23392DC42257C5C20073DA0A /* AppDelegate.swift in Sources */,
				23392DF72257C9110073DA0A /* color.swift in Sources */,
				23392DCC2257C5C20073DA0A /* Colors_With_Navigation.xcdatamodeld in Sources */,
				23392DF92257CB880073DA0A /* ColorDetailViewController.swift in Sources */,
				23392DF52257C6440073DA0A /* ColorNavViewController.swift in Sources */,
			);
			runOnlyForDeploymentPostprocessing = 0;
		};
		23392DD32257C5C40073DA0A /* Sources */ = {
			isa = PBXSourcesBuildPhase;
			buildActionMask = 2147483647;
			files = (
				23392DDC2257C5C40073DA0A /* Colors_With_NavigationTests.swift in Sources */,
			);
			runOnlyForDeploymentPostprocessing = 0;
		};
		23392DDE2257C5C40073DA0A /* Sources */ = {
			isa = PBXSourcesBuildPhase;
			buildActionMask = 2147483647;
			files = (
				23392DE72257C5C40073DA0A /* Colors_With_NavigationUITests.swift in Sources */,
			);
			runOnlyForDeploymentPostprocessing = 0;
		};
/* End PBXSourcesBuildPhase section */

/* Begin PBXTargetDependency section */
		23392DD92257C5C40073DA0A /* PBXTargetDependency */ = {
			isa = PBXTargetDependency;
			target = 23392DBF2257C5C20073DA0A /* Colors With Navigation */;
			targetProxy = 23392DD82257C5C40073DA0A /* PBXContainerItemProxy */;
		};
		23392DE42257C5C40073DA0A /* PBXTargetDependency */ = {
			isa = PBXTargetDependency;
			target = 23392DBF2257C5C20073DA0A /* Colors With Navigation */;
			targetProxy = 23392DE32257C5C40073DA0A /* PBXContainerItemProxy */;
		};
/* End PBXTargetDependency section */

/* Begin PBXVariantGroup section */
		23392DC72257C5C20073DA0A /* Main.storyboard */ = {
			isa = PBXVariantGroup;
			children = (
				23392DC82257C5C20073DA0A /* Base */,
			);
			name = Main.storyboard;
			sourceTree = "<group>";
		};
		23392DCF2257C5C30073DA0A /* LaunchScreen.storyboard */ = {
			isa = PBXVariantGroup;
			children = (
				23392DD02257C5C30073DA0A /* Base */,
			);
			name = LaunchScreen.storyboard;
			sourceTree = "<group>";
		};
/* End PBXVariantGroup section */

/* Begin XCBuildConfiguration section */
		23392DE92257C5C40073DA0A /* Debug */ = {
			isa = XCBuildConfiguration;
			buildSettings = {
				ALWAYS_SEARCH_USER_PATHS = NO;
				CLANG_ANALYZER_NONNULL = YES;
				CLANG_ANALYZER_NUMBER_OBJECT_CONVERSION = YES_AGGRESSIVE;
				CLANG_CXX_LANGUAGE_STANDARD = "gnu++14";
				CLANG_CXX_LIBRARY = "libc++";
				CLANG_ENABLE_MODULES = YES;
				CLANG_ENABLE_OBJC_ARC = YES;
				CLANG_ENABLE_OBJC_WEAK = YES;
				CLANG_WARN_BLOCK_CAPTURE_AUTORELEASING = YES;
				CLANG_WARN_BOOL_CONVERSION = YES;
				CLANG_WARN_COMMA = YES;
				CLANG_WARN_CONSTANT_CONVERSION = YES;
				CLANG_WARN_DEPRECATED_OBJC_IMPLEMENTATIONS = YES;
				CLANG_WARN_DIRECT_OBJC_ISA_USAGE = YES_ERROR;
				CLANG_WARN_DOCUMENTATION_COMMENTS = YES;
				CLANG_WARN_EMPTY_BODY = YES;
				CLANG_WARN_ENUM_CONVERSION = YES;
				CLANG_WARN_INFINITE_RECURSION = YES;
				CLANG_WARN_INT_CONVERSION = YES;
				CLANG_WARN_NON_LITERAL_NULL_CONVERSION = YES;
				CLANG_WARN_OBJC_IMPLICIT_RETAIN_SELF = YES;
				CLANG_WARN_OBJC_LITERAL_CONVERSION = YES;
				CLANG_WARN_OBJC_ROOT_CLASS = YES_ERROR;
				CLANG_WARN_RANGE_LOOP_ANALYSIS = YES;
				CLANG_WARN_STRICT_PROTOTYPES = YES;
				CLANG_WARN_SUSPICIOUS_MOVE = YES;
				CLANG_WARN_UNGUARDED_AVAILABILITY = YES_AGGRESSIVE;
				CLANG_WARN_UNREACHABLE_CODE = YES;
				CLANG_WARN__DUPLICATE_METHOD_MATCH = YES;
				CODE_SIGN_IDENTITY = "iPhone Developer";
				COPY_PHASE_STRIP = NO;
				DEBUG_INFORMATION_FORMAT = dwarf;
				ENABLE_STRICT_OBJC_MSGSEND = YES;
				ENABLE_TESTABILITY = YES;
				GCC_C_LANGUAGE_STANDARD = gnu11;
				GCC_DYNAMIC_NO_PIC = NO;
				GCC_NO_COMMON_BLOCKS = YES;
				GCC_OPTIMIZATION_LEVEL = 0;
				GCC_PREPROCESSOR_DEFINITIONS = (
					"DEBUG=1",
					"$(inherited)",
				);
				GCC_WARN_64_TO_32_BIT_CONVERSION = YES;
				GCC_WARN_ABOUT_RETURN_TYPE = YES_ERROR;
				GCC_WARN_UNDECLARED_SELECTOR = YES;
				GCC_WARN_UNINITIALIZED_AUTOS = YES_AGGRESSIVE;
				GCC_WARN_UNUSED_FUNCTION = YES;
				GCC_WARN_UNUSED_VARIABLE = YES;
				IPHONEOS_DEPLOYMENT_TARGET = 12.2;
				MTL_ENABLE_DEBUG_INFO = INCLUDE_SOURCE;
				MTL_FAST_MATH = YES;
				ONLY_ACTIVE_ARCH = YES;
				SDKROOT = iphoneos;
				SWIFT_ACTIVE_COMPILATION_CONDITIONS = DEBUG;
				SWIFT_OPTIMIZATION_LEVEL = "-Onone";
			};
			name = Debug;
		};
		23392DEA2257C5C40073DA0A /* Release */ = {
			isa = XCBuildConfiguration;
			buildSettings = {
				ALWAYS_SEARCH_USER_PATHS = NO;
				CLANG_ANALYZER_NONNULL = YES;
				CLANG_ANALYZER_NUMBER_OBJECT_CONVERSION = YES_AGGRESSIVE;
				CLANG_CXX_LANGUAGE_STANDARD = "gnu++14";
				CLANG_CXX_LIBRARY = "libc++";
				CLANG_ENABLE_MODULES = YES;
				CLANG_ENABLE_OBJC_ARC = YES;
				CLANG_ENABLE_OBJC_WEAK = YES;
				CLANG_WARN_BLOCK_CAPTURE_AUTORELEASING = YES;
				CLANG_WARN_BOOL_CONVERSION = YES;
				CLANG_WARN_COMMA = YES;
				CLANG_WARN_CONSTANT_CONVERSION = YES;
				CLANG_WARN_DEPRECATED_OBJC_IMPLEMENTATIONS = YES;
				CLANG_WARN_DIRECT_OBJC_ISA_USAGE = YES_ERROR;
				CLANG_WARN_DOCUMENTATION_COMMENTS = YES;
				CLANG_WARN_EMPTY_BODY = YES;
				CLANG_WARN_ENUM_CONVERSION = YES;
				CLANG_WARN_INFINITE_RECURSION = YES;
				CLANG_WARN_INT_CONVERSION = YES;
				CLANG_WARN_NON_LITERAL_NULL_CONVERSION = YES;
				CLANG_WARN_OBJC_IMPLICIT_RETAIN_SELF = YES;
				CLANG_WARN_OBJC_LITERAL_CONVERSION = YES;
				CLANG_WARN_OBJC_ROOT_CLASS = YES_ERROR;
				CLANG_WARN_RANGE_LOOP_ANALYSIS = YES;
				CLANG_WARN_STRICT_PROTOTYPES = YES;
				CLANG_WARN_SUSPICIOUS_MOVE = YES;
				CLANG_WARN_UNGUARDED_AVAILABILITY = YES_AGGRESSIVE;
				CLANG_WARN_UNREACHABLE_CODE = YES;
				CLANG_WARN__DUPLICATE_METHOD_MATCH = YES;
				CODE_SIGN_IDENTITY = "iPhone Developer";
				COPY_PHASE_STRIP = NO;
				DEBUG_INFORMATION_FORMAT = "dwarf-with-dsym";
				ENABLE_NS_ASSERTIONS = NO;
				ENABLE_STRICT_OBJC_MSGSEND = YES;
				GCC_C_LANGUAGE_STANDARD = gnu11;
				GCC_NO_COMMON_BLOCKS = YES;
				GCC_WARN_64_TO_32_BIT_CONVERSION = YES;
				GCC_WARN_ABOUT_RETURN_TYPE = YES_ERROR;
				GCC_WARN_UNDECLARED_SELECTOR = YES;
				GCC_WARN_UNINITIALIZED_AUTOS = YES_AGGRESSIVE;
				GCC_WARN_UNUSED_FUNCTION = YES;
				GCC_WARN_UNUSED_VARIABLE = YES;
				IPHONEOS_DEPLOYMENT_TARGET = 12.2;
				MTL_ENABLE_DEBUG_INFO = NO;
				MTL_FAST_MATH = YES;
				SDKROOT = iphoneos;
				SWIFT_COMPILATION_MODE = wholemodule;
				SWIFT_OPTIMIZATION_LEVEL = "-O";
				VALIDATE_PRODUCT = YES;
			};
			name = Release;
		};
		23392DEC2257C5C40073DA0A /* Debug */ = {
			isa = XCBuildConfiguration;
			buildSettings = {
				ASSETCATALOG_COMPILER_APPICON_NAME = AppIcon;
				CODE_SIGN_STYLE = Automatic;
				DEVELOPMENT_TEAM = CNJFY23DQX;
				INFOPLIST_FILE = "Colors With Navigation/Info.plist";
				LD_RUNPATH_SEARCH_PATHS = (
					"$(inherited)",
					"@executable_path/Frameworks",
				);
				PRODUCT_BUNDLE_IDENTIFIER = "edu.missouri.Colors-With-Navigation";
				PRODUCT_NAME = "$(TARGET_NAME)";
				SWIFT_VERSION = 5.0;
				TARGETED_DEVICE_FAMILY = "1,2";
			};
			name = Debug;
		};
		23392DED2257C5C40073DA0A /* Release */ = {
			isa = XCBuildConfiguration;
			buildSettings = {
				ASSETCATALOG_COMPILER_APPICON_NAME = AppIcon;
				CODE_SIGN_STYLE = Automatic;
				DEVELOPMENT_TEAM = CNJFY23DQX;
				INFOPLIST_FILE = "Colors With Navigation/Info.plist";
				LD_RUNPATH_SEARCH_PATHS = (
					"$(inherited)",
					"@executable_path/Frameworks",
				);
				PRODUCT_BUNDLE_IDENTIFIER = "edu.missouri.Colors-With-Navigation";
				PRODUCT_NAME = "$(TARGET_NAME)";
				SWIFT_VERSION = 5.0;
				TARGETED_DEVICE_FAMILY = "1,2";
			};
			name = Release;
		};
		23392DEF2257C5C40073DA0A /* Debug */ = {
			isa = XCBuildConfiguration;
			buildSettings = {
				ALWAYS_EMBED_SWIFT_STANDARD_LIBRARIES = YES;
				BUNDLE_LOADER = "$(TEST_HOST)";
				CODE_SIGN_STYLE = Automatic;
				DEVELOPMENT_TEAM = CNJFY23DQX;
				INFOPLIST_FILE = "Colors With NavigationTests/Info.plist";
				LD_RUNPATH_SEARCH_PATHS = (
					"$(inherited)",
					"@executable_path/Frameworks",
					"@loader_path/Frameworks",
				);
				PRODUCT_BUNDLE_IDENTIFIER = "edu.missouri.Colors-With-NavigationTests";
				PRODUCT_NAME = "$(TARGET_NAME)";
				SWIFT_VERSION = 5.0;
				TARGETED_DEVICE_FAMILY = "1,2";
				TEST_HOST = "$(BUILT_PRODUCTS_DIR)/Colors With Navigation.app/Colors With Navigation";
			};
			name = Debug;
		};
		23392DF02257C5C40073DA0A /* Release */ = {
			isa = XCBuildConfiguration;
			buildSettings = {
				ALWAYS_EMBED_SWIFT_STANDARD_LIBRARIES = YES;
				BUNDLE_LOADER = "$(TEST_HOST)";
				CODE_SIGN_STYLE = Automatic;
				DEVELOPMENT_TEAM = CNJFY23DQX;
				INFOPLIST_FILE = "Colors With NavigationTests/Info.plist";
				LD_RUNPATH_SEARCH_PATHS = (
					"$(inherited)",
					"@executable_path/Frameworks",
					"@loader_path/Frameworks",
				);
				PRODUCT_BUNDLE_IDENTIFIER = "edu.missouri.Colors-With-NavigationTests";
				PRODUCT_NAME = "$(TARGET_NAME)";
				SWIFT_VERSION = 5.0;
				TARGETED_DEVICE_FAMILY = "1,2";
				TEST_HOST = "$(BUILT_PRODUCTS_DIR)/Colors With Navigation.app/Colors With Navigation";
			};
			name = Release;
		};
		23392DF22257C5C40073DA0A /* Debug */ = {
			isa = XCBuildConfiguration;
			buildSettings = {
				ALWAYS_EMBED_SWIFT_STANDARD_LIBRARIES = YES;
				CODE_SIGN_STYLE = Automatic;
				DEVELOPMENT_TEAM = CNJFY23DQX;
				INFOPLIST_FILE = "Colors With NavigationUITests/Info.plist";
				LD_RUNPATH_SEARCH_PATHS = (
					"$(inherited)",
					"@executable_path/Frameworks",
					"@loader_path/Frameworks",
				);
				PRODUCT_BUNDLE_IDENTIFIER = "edu.missouri.Colors-With-NavigationUITests";
				PRODUCT_NAME = "$(TARGET_NAME)";
				SWIFT_VERSION = 5.0;
				TARGETED_DEVICE_FAMILY = "1,2";
				TEST_TARGET_NAME = "Colors With Navigation";
			};
			name = Debug;
		};
		23392DF32257C5C40073DA0A /* Release */ = {
			isa = XCBuildConfiguration;
			buildSettings = {
				ALWAYS_EMBED_SWIFT_STANDARD_LIBRARIES = YES;
				CODE_SIGN_STYLE = Automatic;
				DEVELOPMENT_TEAM = CNJFY23DQX;
				INFOPLIST_FILE = "Colors With NavigationUITests/Info.plist";
				LD_RUNPATH_SEARCH_PATHS = (
					"$(inherited)",
					"@executable_path/Frameworks",
					"@loader_path/Frameworks",
				);
				PRODUCT_BUNDLE_IDENTIFIER = "edu.missouri.Colors-With-NavigationUITests";
				PRODUCT_NAME = "$(TARGET_NAME)";
				SWIFT_VERSION = 5.0;
				TARGETED_DEVICE_FAMILY = "1,2";
				TEST_TARGET_NAME = "Colors With Navigation";
			};
			name = Release;
		};
/* End XCBuildConfiguration section */

/* Begin XCConfigurationList section */
		23392DBB2257C5C20073DA0A /* Build configuration list for PBXProject "Colors With Navigation" */ = {
			isa = XCConfigurationList;
			buildConfigurations = (
				23392DE92257C5C40073DA0A /* Debug */,
				23392DEA2257C5C40073DA0A /* Release */,
			);
			defaultConfigurationIsVisible = 0;
			defaultConfigurationName = Release;
		};
		23392DEB2257C5C40073DA0A /* Build configuration list for PBXNativeTarget "Colors With Navigation" */ = {
			isa = XCConfigurationList;
			buildConfigurations = (
				23392DEC2257C5C40073DA0A /* Debug */,
				23392DED2257C5C40073DA0A /* Release */,
			);
			defaultConfigurationIsVisible = 0;
			defaultConfigurationName = Release;
		};
		23392DEE2257C5C40073DA0A /* Build configuration list for PBXNativeTarget "Colors With NavigationTests" */ = {
			isa = XCConfigurationList;
			buildConfigurations = (
				23392DEF2257C5C40073DA0A /* Debug */,
				23392DF02257C5C40073DA0A /* Release */,
			);
			defaultConfigurationIsVisible = 0;
			defaultConfigurationName = Release;
		};
		23392DF12257C5C40073DA0A /* Build configuration list for PBXNativeTarget "Colors With NavigationUITests" */ = {
			isa = XCConfigurationList;
			buildConfigurations = (
				23392DF22257C5C40073DA0A /* Debug */,
				23392DF32257C5C40073DA0A /* Release */,
			);
			defaultConfigurationIsVisible = 0;
			defaultConfigurationName = Release;
		};
/* End XCConfigurationList section */

/* Begin XCVersionGroup section */
		23392DCA2257C5C20073DA0A /* Colors_With_Navigation.xcdatamodeld */ = {
			isa = XCVersionGroup;
			children = (
				23392DCB2257C5C20073DA0A /* Colors_With_Navigation.xcdatamodel */,
			);
			currentVersion = 23392DCB2257C5C20073DA0A /* Colors_With_Navigation.xcdatamodel */;
			path = Colors_With_Navigation.xcdatamodeld;
			sourceTree = "<group>";
			versionGroupType = wrapper.xcdatamodel;
		};
/* End XCVersionGroup section */
	};
	rootObject = 23392DB82257C5C20073DA0A /* Project object */;
}
